
Microsoft Visual Studio Solution File, Format Version 12.00
# Visual Studio Version 17
VisualStudioVersion = 17.0.31903.59
MinimumVisualStudioVersion = 10.0.40219.1
Project("{FAE04EC0-301F-11D3-BF4B-00C04F79EFBC}") = "shapes_Lib", "shapes_Lib\shapes_Lib.csproj", "{3495518E-4358-4DBD-B4C9-197EB3A3D32D}"
EndProject
Project("{FAE04EC0-301F-11D3-BF4B-00C04F79EFBC}") = "Geomatery_test", "Geomatery_test\Geomatery_test.csproj", "{6425B36C-F83E-4482-BDC8-8BB154EE10DF}"
EndProject
Project("{FAE04EC0-301F-11D3-BF4B-00C04F79EFBC}") = "Shapes", "Shapes\Shapes.csproj", "{EE3CCA34-58D0-401C-B637-C2D22BE2E78F}"
EndProject
Global
	GlobalSection(SolutionConfigurationPlatforms) = preSolution
		Debug|Any CPU = Debug|Any CPU
		Release|Any CPU = Release|Any CPU
	EndGlobalSection
	GlobalSection(SolutionProperties) = preSolution
		HideSolutionNode = FALSE
	EndGlobalSection
	GlobalSection(ProjectConfigurationPlatforms) = postSolution
		{3495518E-4358-4DBD-B4C9-197EB3A3D32D}.Debug|Any CPU.ActiveCfg = Debug|Any CPU
		{3495518E-4358-4DBD-B4C9-197EB3A3D32D}.Debug|Any CPU.Build.0 = Debug|Any CPU
		{3495518E-4358-4DBD-B4C9-197EB3A3D32D}.Release|Any CPU.ActiveCfg = Release|Any CPU
		{3495518E-4358-4DBD-B4C9-197EB3A3D32D}.Release|Any CPU.Build.0 = Release|Any CPU
		{6425B36C-F83E-4482-BDC8-8BB154EE10DF}.Debug|Any CPU.ActiveCfg = Debug|Any CPU
		{6425B36C-F83E-4482-BDC8-8BB154EE10DF}.Debug|Any CPU.Build.0 = Debug|Any CPU
		{6425B36C-F83E-4482-BDC8-8BB154EE10DF}.Release|Any CPU.ActiveCfg = Release|Any CPU
		{6425B36C-F83E-4482-BDC8-8BB154EE10DF}.Release|Any CPU.Build.0 = Release|Any CPU
		{EE3CCA34-58D0-401C-B637-C2D22BE2E78F}.Debug|Any CPU.ActiveCfg = Debug|Any CPU
		{EE3CCA34-58D0-401C-B637-C2D22BE2E78F}.Debug|Any CPU.Build.0 = Debug|Any CPU
		{EE3CCA34-58D0-401C-B637-C2D22BE2E78F}.Release|Any CPU.ActiveCfg = Release|Any CPU
		{EE3CCA34-58D0-401C-B637-C2D22BE2E78F}.Release|Any CPU.Build.0 = Release|Any CPU
	EndGlobalSection
EndGlobal
